
Microsoft Visual Studio Solution File, Format Version 12.00
# Visual Studio 15
VisualStudioVersion = 15.0.27004.2010
MinimumVisualStudioVersion = 10.0.40219.1
Project("{FAE04EC0-301F-11D3-BF4B-00C04F79EFBC}") = "CronJobs.Web", "CronJobs.Web\CronJobs.Web.csproj", "{9094F061-9ADA-4CB7-950F-33CCDE0FEBBC}"
EndProject
Project("{FAE04EC0-301F-11D3-BF4B-00C04F79EFBC}") = "CronJobs.Infrastructure", "CronJobs.Infrastructure\CronJobs.Infrastructure.csproj", "{3BCC0BCB-D61D-47DF-9E1C-62B82625F531}"
EndProject
Global
	GlobalSection(SolutionConfigurationPlatforms) = preSolution
		Debug|Any CPU = Debug|Any CPU
		Release|Any CPU = Release|Any CPU
	EndGlobalSection
	GlobalSection(ProjectConfigurationPlatforms) = postSolution
		{9094F061-9ADA-4CB7-950F-33CCDE0FEBBC}.Debug|Any CPU.ActiveCfg = Debug|Any CPU
		{9094F061-9ADA-4CB7-950F-33CCDE0FEBBC}.Debug|Any CPU.Build.0 = Debug|Any CPU
		{9094F061-9ADA-4CB7-950F-33CCDE0FEBBC}.Release|Any CPU.ActiveCfg = Release|Any CPU
		{9094F061-9ADA-4CB7-950F-33CCDE0FEBBC}.Release|Any CPU.Build.0 = Release|Any CPU
		{3BCC0BCB-D61D-47DF-9E1C-62B82625F531}.Debug|Any CPU.ActiveCfg = Debug|Any CPU
		{3BCC0BCB-D61D-47DF-9E1C-62B82625F531}.Debug|Any CPU.Build.0 = Debug|Any CPU
		{3BCC0BCB-D61D-47DF-9E1C-62B82625F531}.Release|Any CPU.ActiveCfg = Release|Any CPU
		{3BCC0BCB-D61D-47DF-9E1C-62B82625F531}.Release|Any CPU.Build.0 = Release|Any CPU
	EndGlobalSection
	GlobalSection(SolutionProperties) = preSolution
		HideSolutionNode = FALSE
	EndGlobalSection
	GlobalSection(ExtensibilityGlobals) = postSolution
		SolutionGuid = {12E0BB1A-5444-4CEF-A539-C4F8928D21B5}
	EndGlobalSection
EndGlobal
